
Microsoft Visual Studio Solution File, Format Version 12.00
# Visual Studio 15
VisualStudioVersion = 15.0.28307.902
MinimumVisualStudioVersion = 10.0.40219.1
Project("{FAE04EC0-301F-11D3-BF4B-00C04F79EFBC}") = "Xcentium.xBlog2FlexMigrationBeta", "code\Xcentium.xBlog2FlexMigrationBeta.csproj", "{2D9090DC-BF36-4946-AA0E-E7838B701735}"
EndProject
Global
	GlobalSection(SolutionConfigurationPlatforms) = preSolution
		Debug|Any CPU = Debug|Any CPU
		Release|Any CPU = Release|Any CPU
	EndGlobalSection
	GlobalSection(ProjectConfigurationPlatforms) = postSolution
		{2D9090DC-BF36-4946-AA0E-E7838B701735}.Debug|Any CPU.ActiveCfg = Debug|Any CPU
		{2D9090DC-BF36-4946-AA0E-E7838B701735}.Debug|Any CPU.Build.0 = Debug|Any CPU
		{2D9090DC-BF36-4946-AA0E-E7838B701735}.Release|Any CPU.ActiveCfg = Release|Any CPU
		{2D9090DC-BF36-4946-AA0E-E7838B701735}.Release|Any CPU.Build.0 = Release|Any CPU
	EndGlobalSection
	GlobalSection(SolutionProperties) = preSolution
		HideSolutionNode = FALSE
	EndGlobalSection
	GlobalSection(ExtensibilityGlobals) = postSolution
		SolutionGuid = {B15A5FAB-F843-416D-A1D8-4951295251A6}
	EndGlobalSection
EndGlobal
